
Microsoft Visual Studio Solution File, Format Version 12.00
# Visual Studio Version 17
VisualStudioVersion = 17.7.34003.232
MinimumVisualStudioVersion = 10.0.40219.1
Project("{9A19103F-16F7-4668-BE54-9A1E7A4F7556}") = "WinForm", "WinForm\WinForm.csproj", "{5FB4D6E2-E56F-425C-9CA8-582AAF658B48}"
EndProject
Project("{9A19103F-16F7-4668-BE54-9A1E7A4F7556}") = "Utilities", "Utilities\Utilities.csproj", "{3754D188-8752-4542-9B8F-0DF79A1DA6E8}"
EndProject
Project("{FAE04EC0-301F-11D3-BF4B-00C04F79EFBC}") = "WpfApp", "WpfApp\WpfApp.csproj", "{06F8BF0C-9ECB-4818-8CE6-7093353B6D7F}"
EndProject
Global
	GlobalSection(SolutionConfigurationPlatforms) = preSolution
		Debug|Any CPU = Debug|Any CPU
		Release|Any CPU = Release|Any CPU
	EndGlobalSection
	GlobalSection(ProjectConfigurationPlatforms) = postSolution
		{5FB4D6E2-E56F-425C-9CA8-582AAF658B48}.Debug|Any CPU.ActiveCfg = Debug|Any CPU
		{5FB4D6E2-E56F-425C-9CA8-582AAF658B48}.Debug|Any CPU.Build.0 = Debug|Any CPU
		{5FB4D6E2-E56F-425C-9CA8-582AAF658B48}.Release|Any CPU.ActiveCfg = Release|Any CPU
		{5FB4D6E2-E56F-425C-9CA8-582AAF658B48}.Release|Any CPU.Build.0 = Release|Any CPU
		{3754D188-8752-4542-9B8F-0DF79A1DA6E8}.Debug|Any CPU.ActiveCfg = Debug|Any CPU
		{3754D188-8752-4542-9B8F-0DF79A1DA6E8}.Debug|Any CPU.Build.0 = Debug|Any CPU
		{3754D188-8752-4542-9B8F-0DF79A1DA6E8}.Release|Any CPU.ActiveCfg = Release|Any CPU
		{3754D188-8752-4542-9B8F-0DF79A1DA6E8}.Release|Any CPU.Build.0 = Release|Any CPU
		{06F8BF0C-9ECB-4818-8CE6-7093353B6D7F}.Debug|Any CPU.ActiveCfg = Debug|Any CPU
		{06F8BF0C-9ECB-4818-8CE6-7093353B6D7F}.Debug|Any CPU.Build.0 = Debug|Any CPU
		{06F8BF0C-9ECB-4818-8CE6-7093353B6D7F}.Release|Any CPU.ActiveCfg = Release|Any CPU
		{06F8BF0C-9ECB-4818-8CE6-7093353B6D7F}.Release|Any CPU.Build.0 = Release|Any CPU
	EndGlobalSection
	GlobalSection(SolutionProperties) = preSolution
		HideSolutionNode = FALSE
	EndGlobalSection
	GlobalSection(ExtensibilityGlobals) = postSolution
		SolutionGuid = {040D3095-3601-4C60-929E-21D5847DE070}
	EndGlobalSection
EndGlobal
